{
  "name": "arena-ai-chatbot",
  "version": "0.0.0",
  "lockfileVersion": 3,
  "requires": true,
  "packages": {
    "": {
      "name": "arena-ai-chatbot",
      "version": "0.0.0",
      "private": true,
      "dependencies": {
        "@google/genai": "^1.20.0",
        "react": "^19.1.1",
        "react-dom": "^19.1.1"
      },
      "devDependencies": {
        "@types/react": "^18.3.3",
        "@types/react-dom": "^18.3.0",
        "@vitejs/plugin-react": "^4.3.1",
        "tailwindcss": "^3.4.4",
        "typescript": "^5.5.3",
        "vite": "^5.3.3"
      }
    },
    "node_modules/@google/genai": {
      "version": "1.20.0",
      "resolved": "https://registry.npmjs.org/@google/genai/-/genai-1.20.0.tgz",
      "integrity": "sha512-4Jz01f/r67kMyjJts1s1s2n9p2cR8feYdFwm9pP1i4Nlqj/wVC/Wp+zom+8s3b2N6v1W8/t/F0C1XpM9vBT87w==",
      "engines": {
        "node": ">=18.0.0"
      }
    },
    "node_modules/@types/prop-types": {
      "version": "15.7.12",
      "resolved": "https://registry.npmjs.org/@types/prop-types/-/prop-types-15.7.12.tgz",
      "integrity": "sha512-5zvhXYS3icfN1wT+4SBGYv2asFRpSMfhrOF0hNoi3QVgV01Z0BIb0L71S0rY1n6XucUoXpAU7pOPNMW+2p9dOw==",
      "dev": true
    },
    "node_modules/@types/react": {
      "version": "18.3.3",
      "resolved": "https://registry.npmjs.org/@types/react/-/react-18.3.3.tgz",
      "integrity": "sha512-hti/R0pS0q1/xx+TsI73S6SqvpeMeerUE5RgEA4B7BwhnbII/dMvBCV9M+3qwdaHZWow9GAs79rS5ePzGv7mrg==",
      "dev": true,
      "dependencies": {
        "@types/prop-types": "*",
        "csstype": "^3.0.2"
      }
    },
    "node_modules/@types/react-dom": {
      "version": "18.3.0",
      "resolved": "https://registry.npmjs.org/@types/react-dom/-/react-dom-18.3.0.tgz",
      "integrity": "sha512-eEpH2nxW05nFODRWEs22Rm9T5tK5o+Bb2T2JGQZJdO9TO8rEXI2h3t/4Y2f6Qf2w24QZu2c8A2rPjdn2MX1f2g==",
      "dev": true,
      "dependencies": {
        "@types/react": "*"
      }
    },
    "node_modules/@vitejs/plugin-react": {
      "version": "4.3.1",
      "resolved": "https://registry.npmjs.org/@vitejs/plugin-react/-/plugin-react-4.3.1.tgz",
      "integrity": "sha512-sG5PFo6kv2e4X2C3k2d1598h3Cw8l263GzACVIEpLt4II5d+C27dajd7T221k3P54Vf54kN19M5WRiW5a6oD5Q==",
      "dev": true,
      "dependencies": {
        "estree-walker": "^2.0.2"
      },
      "engines": {
        "node": ">=18.0.0"
      },
      "peerDependencies": {
        "vite": "^4.2.0 || ^5.0.0"
      }
    },
    "node_modules/csstype": {
      "version": "3.1.3",
      "resolved": "https://registry.npmjs.org/csstype/-/csstype-3.1.3.tgz",
      "integrity": "sha512-M1uQkMl8rQK/szD0LNhtcwDiFABjSMkddpRsynAlAYc/PePF2UscSSBonY7VKVxM+E5q2eOHkAsObYSxmbOOIQ==",
      "dev": true
    },
    "node_modules/estree-walker": {
      "version": "2.0.2",
      "resolved": "https://registry.npmjs.org/estree-walker/-/estree-walker-2.0.2.tgz",
      "integrity": "sha512-pL6E7aVFBop1b32g0Q6d/2C9y/K4350Qd86aOxb5Hl1AlE7D2Vb4A+gNMSgr2kQd4pOHge20L4SoHeP5nN2s/Q==",
      "dev": true
    },
    "node_modules/fsevents": {
      "version": "2.3.3",
      "resolved": "https://registry.npmjs.org/fsevents/-/fsevents-2.3.3.tgz",
      "integrity": "sha512-5xoDfX+fL7faATnagmWPpbFtwh/R77WmMMqqHGS65C3vvB0YHjeF+OKyojcOhAFabxAtioMVDycsy5Y49Q1xwA==",
      "dev": true,
      "hasInstallScript": true,
      "optional": true,
      "os": [
        "darwin"
      ],
      "engines": {
        "node": "^8.16.0 || ^10.6.0 || >=11.0.0"
      }
    },
    "node_modules/js-tokens": {
      "version": "4.0.0",
      "resolved": "https://registry.npmjs.org/js-tokens/-/js-tokens-4.0.0.tgz",
      "integrity": "sha512-RdJUflcE3cUzKiMqQgsCu06FPu9UdIJO0beYbPhHN4k6apgJtifcoCtT9bcxOpYBtpD2kCM6Sbzg4CausW/PKQ==",
      "dev": true
    },
    "node_modules/loose-envify": {
      "version": "1.4.0",
      "resolved": "https://registry.npmjs.org/loose-envify/-/loose-envify-1.4.0.tgz",
      "integrity": "sha512-lyuxPGr/Wfhrlem2CL/UcnUc1zcqKAImBDzukY7Y5F/yQiNdko6+fRLevlw1HgMySw7f611UIY408EtxRSoK3Q==",
      "dev": true,
      "dependencies": {
        "js-tokens": "^3.0.0 || ^4.0.0"
      },
      "bin": {
        "loose-envify": "cli.js"
      }
    },
    "node_modules/picocolors": {
      "version": "1.0.1",
      "resolved": "https://registry.npmjs.org/picocolors/-/picocolors-1.0.1.tgz",
      "integrity": "sha512-anodPusHWk2JKhW2so7j73g0dK3iORT9AaHQfSkT8t3/h2o3d02Kj1sQBrUXKVAaivHw6d7pwO3Hw/R243fMvA==",
      "dev": true
    },
    "node_modules/postcss": {
      "version": "8.4.38",
      "resolved": "https://registry.npmjs.org/postcss/-/postcss-8.4.38.tgz",
      "integrity": "sha512-addJnrjTEcV//c92n4AxCAsH9VTz8i1K4r23j2fQdh4L/0r2c02zS+04i+iTz3h2GgT+x52s+gSRK8K0/L+2gA==",
      "dev": true,
      "dependencies": {
        "nanoid": "^3.3.7",
        "picocolors": "^1.0.0",
        "source-map-js": "^1.2.0"
      },
      "engines": {
        "node": "^10 || ^12 || >=14"
      }
    },
    "node_modules/react": {
      "version": "19.1.1-beta-02d20501a4-20240705",
      "resolved": "https://registry.npmjs.org/react/-/react-19.1.1-beta-02d20501a4-20240705.tgz",
      "integrity": "sha512-Q/p715qAF/2xMmd7fSFIIlI2Cfv3AisW0Jp1pTqOd53K2Y2/i/VIEnVd/5J9v09pI2P1TDP1P7kF9WjdT/q/pQ==",
      "dependencies": {
        "loose-envify": "^1.1.0"
      },
      "engines": {
        "node": ">=18.0.0"
      },
      "peerDependencies": {
        "react-server-dom-webpack": "^19.1.1-beta-02d20501a4-20240705"
      },
      "peerDependenciesMeta": {
        "react-server-dom-webpack": {
          "optional": true
        }
      }
    },
    "node_modules/react-dom": {
      "version": "19.1.1-beta-02d20501a4-20240705",
      "resolved": "https://registry.npmjs.org/react-dom/-/react-dom-19.1.1-beta-02d20501a4-20240705.tgz",
      "integrity": "sha512-09qT2N1B42y1kI+dF7T/M7u4L0h31T+e40TqK+bSB702k3uL8v7gBSB8hVauqJtC6p3PjG2V5TKGwS05Q==",
      "dependencies": {
        "loose-envify": "^1.1.0",
        "scheduler": "^0.24.0"
      },
      "peerDependencies": {
        "react": "^19.1.1-beta-02d20501a4-20240705"
      }
    },
    "node_modules/scheduler": {
      "version": "0.24.0",
      "resolved": "https://registry.npmjs.org/scheduler/-/scheduler-0.24.0.tgz",
      "integrity": "sha512-qt/R0SBS4s/lAmMIOOs8A8fV4I3x9l71CTpG3+2w5c3/aYxY22i5e88gjlL93z03gVRM67sD3m1ynE8SOs2pA==",
      "dependencies": {
        "loose-envify": "^1.1.0"
      }
    },
    "node_modules/source-map-js": {
      "version": "1.2.0",
      "resolved": "https://registry.npmjs.org/source-map-js/-/source-map-js-1.2.0.tgz",
      "integrity": "sha512-itJW8lvSA0imC4d+7kcpkLCHIIA2lGgT+3n3OBb62r78NassK3c1uN3k46o24v/s4s2Lp6zI5E7l2vADoG43g==",
      "dev": true,
      "engines": {
        "node": ">=0.10.0"
      }
    },
    "node_modules/tailwindcss": {
      "version": "3.4.4",
      "resolved": "https://registry.npmjs.org/tailwindcss/-/tailwindcss-3.4.4.tgz",
      "integrity": "sha512-qg3T0F+40i3EMr4n23pk/kCCkR872S26b5u55sHn0dYyL4eD5oT4Fgsz3Qv5C3E0Nw5lPTPH3L/EaTUXsw==",
      "dev": true,
      "dependencies": {
        "arg": "^5.0.2",
        "chokidar": "^3.5.3",
        "didyoumean": "^1.2.2",
        "dlv": "^1.1.3",
        "fast-glob": "^3.3.2",
        "glob-parent": "^6.0.2",
        "is-glob": "^4.0.3",
        "jiti": "^1.21.0",
        "lilconfig": "^2.1.0",
        "micromatch": "^4.0.5",
        "minimist": "^1.2.8",
        "nanoid": "^3.3.7",
        "object-hash": "^3.0.0",
        "picocolors": "^1.0.1",
        "pify": "^5.0.0",
        "postcss": "^8.4.38",
        "postcss-import": "^16.1.0",
        "postcss-js": "^4.0.1",
        "postcss-load-config": "^5.1.0",
        "postcss-nested": "^6.0.1",
        "postcss-selector-parser": "^6.0.16",
        "postcss-value-parser": "^4.2.0",
        "quick-lru": "^5.1.1",
        "resolve": "^1.22.8",
        "sucrase": "^3.35.0"
      },
      "bin": {
        "tailwind": "lib/cli.js",
        "tailwindcss": "lib/cli.js"
      },
      "engines": {
        "node": ">=16.14.0"
      }
    },
    "node_modules/typescript": {
      "version": "5.5.3",
      "resolved": "https://registry.npmjs.org/typescript/-/typescript-5.5.3.tgz",
      "integrity": "sha512-DFCf2KT1IeSyKaa2roS9B+N1Tr+sUnKUFd2GR35rdeIpTSX0S2T1dd/8T2W2k8St2xH2sTAd6thJ4u10aD1OBA==",
      "dev": true,
      "bin": {
        "tsc": "bin/tsc",
        "tsserver": "bin/tsserver"
      },
      "engines": {
        "node": ">=14.17"
      }
    },
    "node_modules/vite": {
      "version": "5.3.3",
      "resolved": "https://registry.npmjs.org/vite/-/vite-5.3.3.tgz",
      "integrity": "sha512-iC4i5KVeJd547fB2pCZ4KxqWv9QVWpSAuYQoU2d6K68KjbK2Yc5D+Qx3wDSRsraH9N4aH1O2Q56/mAWyG2I4ZA==",
      "dev": true,
      "dependencies": {
        "esbuild": "^0.21.2",
        "postcss": "^8.4.38",
        "resolve.exports": "^2.0.2",
        "rollup": "^4.18.0"
      },
      "bin": {
        "vite": "bin/vite.js"
      },
      "engines": {
        "node": "^18.0.0 || >=20.0.0"
      },
      "optionalDependencies": {
        "fsevents": "~2.3.3"
      },
      "peerDependencies": {
        "sass": "*",
        "stylus": "*",
        "sugarss": "*",
        "terser": "^5.4.0"
      },
      "peerDependenciesMeta": {
        "sass": {
          "optional": true
        },
        "stylus": {
          "optional": true
        },
        "sugarss": {
          "optional": true
        },
        "terser": {
          "optional": true
        }
      }
    }
  }
}
